// !$*UTF8*$!
{
	archiveVersion = 1;
	classes = {
	};
	objectVersion = 50;
	objects = {

/* Begin PBXBuildFile section */
		50094BA720BD94290079540B /* MemeTableViewCell.swift in Sources */ = {isa = PBXBuildFile; fileRef = 50094BA620BD94290079540B /* MemeTableViewCell.swift */; };
		504171F420A87CE800ADB50B /* MemeMeCollectionViewController.swift in Sources */ = {isa = PBXBuildFile; fileRef = 504171F320A87CE800ADB50B /* MemeMeCollectionViewController.swift */; };
		50496ADF208B3C7100D29A13 /* AppDelegate.swift in Sources */ = {isa = PBXBuildFile; fileRef = 50496ADE208B3C7100D29A13 /* AppDelegate.swift */; };
		50496AE1208B3C7100D29A13 /* ViewController.swift in Sources */ = {isa = PBXBuildFile; fileRef = 50496AE0208B3C7100D29A13 /* ViewController.swift */; };
		50496AE4208B3C7100D29A13 /* Main.storyboard in Resources */ = {isa = PBXBuildFile; fileRef = 50496AE2208B3C7100D29A13 /* Main.storyboard */; };
		50496AE6208B3C7200D29A13 /* Assets.xcassets in Resources */ = {isa = PBXBuildFile; fileRef = 50496AE5208B3C7200D29A13 /* Assets.xcassets */; };
		50496AE9208B3C7200D29A13 /* LaunchScreen.storyboard in Resources */ = {isa = PBXBuildFile; fileRef = 50496AE7208B3C7200D29A13 /* LaunchScreen.storyboard */; };
		50496AF4208B3C7300D29A13 /* MemeMe2Tests.swift in Sources */ = {isa = PBXBuildFile; fileRef = 50496AF3208B3C7300D29A13 /* MemeMe2Tests.swift */; };
		50496AFF208B3C7300D29A13 /* MemeMe2UITests.swift in Sources */ = {isa = PBXBuildFile; fileRef = 50496AFE208B3C7300D29A13 /* MemeMe2UITests.swift */; };
		5084CDE720992B490053F6E1 /* Meme.swift in Sources */ = {isa = PBXBuildFile; fileRef = 5084CDE620992B490053F6E1 /* Meme.swift */; };
		5096DC09209CA5E200BD9278 /* Impact.ttf in Resources */ = {isa = PBXBuildFile; fileRef = 5096DC06209C9DD500BD9278 /* Impact.ttf */; };
		50A7367920AB797A00CCBB2D /* MemeMeTableViewController.swift in Sources */ = {isa = PBXBuildFile; fileRef = 50A7367820AB797A00CCBB2D /* MemeMeTableViewController.swift */; };
		50AC6AA120CE538800D1F133 /* CollectionViewCell.swift in Sources */ = {isa = PBXBuildFile; fileRef = 50AC6AA020CE538800D1F133 /* CollectionViewCell.swift */; };
/* End PBXBuildFile section */

/* Begin PBXContainerItemProxy section */
		50496AF0208B3C7300D29A13 /* PBXContainerItemProxy */ = {
			isa = PBXContainerItemProxy;
			containerPortal = 50496AD3208B3C7100D29A13 /* Project object */;
			proxyType = 1;
			remoteGlobalIDString = 50496ADA208B3C7100D29A13;
			remoteInfo = MemeMe2;
		};
		50496AFB208B3C7300D29A13 /* PBXContainerItemProxy */ = {
			isa = PBXContainerItemProxy;
			containerPortal = 50496AD3208B3C7100D29A13 /* Project object */;
			proxyType = 1;
			remoteGlobalIDString = 50496ADA208B3C7100D29A13;
			remoteInfo = MemeMe2;
		};
/* End PBXContainerItemProxy section */

/* Begin PBXFileReference section */
		50094BA620BD94290079540B /* MemeTableViewCell.swift */ = {isa = PBXFileReference; lastKnownFileType = sourcecode.swift; path = MemeTableViewCell.swift; sourceTree = "<group>"; };
		504171F320A87CE800ADB50B /* MemeMeCollectionViewController.swift */ = {isa = PBXFileReference; lastKnownFileType = sourcecode.swift; path = MemeMeCollectionViewController.swift; sourceTree = "<group>"; };
		50496ADB208B3C7100D29A13 /* MemeMe2.app */ = {isa = PBXFileReference; explicitFileType = wrapper.application; includeInIndex = 0; path = MemeMe2.app; sourceTree = BUILT_PRODUCTS_DIR; };
		50496ADE208B3C7100D29A13 /* AppDelegate.swift */ = {isa = PBXFileReference; lastKnownFileType = sourcecode.swift; path = AppDelegate.swift; sourceTree = "<group>"; };
		50496AE0208B3C7100D29A13 /* ViewController.swift */ = {isa = PBXFileReference; lastKnownFileType = sourcecode.swift; path = ViewController.swift; sourceTree = "<group>"; };
		50496AE3208B3C7100D29A13 /* Base */ = {isa = PBXFileReference; lastKnownFileType = file.storyboard; name = Base; path = Base.lproj/Main.storyboard; sourceTree = "<group>"; };
		50496AE5208B3C7200D29A13 /* Assets.xcassets */ = {isa = PBXFileReference; lastKnownFileType = folder.assetcatalog; path = Assets.xcassets; sourceTree = "<group>"; };
		50496AE8208B3C7200D29A13 /* Base */ = {isa = PBXFileReference; lastKnownFileType = file.storyboard; name = Base; path = Base.lproj/LaunchScreen.storyboard; sourceTree = "<group>"; };
		50496AEA208B3C7200D29A13 /* Info.plist */ = {isa = PBXFileReference; lastKnownFileType = text.plist.xml; path = Info.plist; sourceTree = "<group>"; };
		50496AEF208B3C7300D29A13 /* MemeMe2Tests.xctest */ = {isa = PBXFileReference; explicitFileType = wrapper.cfbundle; includeInIndex = 0; path = MemeMe2Tests.xctest; sourceTree = BUILT_PRODUCTS_DIR; };
		50496AF3208B3C7300D29A13 /* MemeMe2Tests.swift */ = {isa = PBXFileReference; lastKnownFileType = sourcecode.swift; path = MemeMe2Tests.swift; sourceTree = "<group>"; };
		50496AF5208B3C7300D29A13 /* Info.plist */ = {isa = PBXFileReference; lastKnownFileType = text.plist.xml; path = Info.plist; sourceTree = "<group>"; };
		50496AFA208B3C7300D29A13 /* MemeMe2UITests.xctest */ = {isa = PBXFileReference; explicitFileType = wrapper.cfbundle; includeInIndex = 0; path = MemeMe2UITests.xctest; sourceTree = BUILT_PRODUCTS_DIR; };
		50496AFE208B3C7300D29A13 /* MemeMe2UITests.swift */ = {isa = PBXFileReference; lastKnownFileType = sourcecode.swift; path = MemeMe2UITests.swift; sourceTree = "<group>"; };
		50496B00208B3C7300D29A13 /* Info.plist */ = {isa = PBXFileReference; lastKnownFileType = text.plist.xml; path = Info.plist; sourceTree = "<group>"; };
		5084CDE620992B490053F6E1 /* Meme.swift */ = {isa = PBXFileReference; lastKnownFileType = sourcecode.swift; path = Meme.swift; sourceTree = "<group>"; };
		5096DC06209C9DD500BD9278 /* Impact.ttf */ = {isa = PBXFileReference; lastKnownFileType = file; path = Impact.ttf; sourceTree = "<group>"; };
		50A7367820AB797A00CCBB2D /* MemeMeTableViewController.swift */ = {isa = PBXFileReference; lastKnownFileType = sourcecode.swift; path = MemeMeTableViewController.swift; sourceTree = "<group>"; };
		50AC6AA020CE538800D1F133 /* CollectionViewCell.swift */ = {isa = PBXFileReference; lastKnownFileType = sourcecode.swift; path = CollectionViewCell.swift; sourceTree = "<group>"; };
/* End PBXFileReference section */

/* Begin PBXFrameworksBuildPhase section */
		50496AD8208B3C7100D29A13 /* Frameworks */ = {
			isa = PBXFrameworksBuildPhase;
			buildActionMask = 2147483647;
			files = (
			);
			runOnlyForDeploymentPostprocessing = 0;
		};
		50496AEC208B3C7300D29A13 /* Frameworks */ = {
			isa = PBXFrameworksBuildPhase;
			buildActionMask = 2147483647;
			files = (
			);
			runOnlyForDeploymentPostprocessing = 0;
		};
		50496AF7208B3C7300D29A13 /* Frameworks */ = {
			isa = PBXFrameworksBuildPhase;
			buildActionMask = 2147483647;
			files = (
			);
			runOnlyForDeploymentPostprocessing = 0;
		};
/* End PBXFrameworksBuildPhase section */

/* Begin PBXGroup section */
		50496AD2208B3C7000D29A13 = {
			isa = PBXGroup;
			children = (
				50496ADD208B3C7100D29A13 /* MemeMe2 */,
				50496AF2208B3C7300D29A13 /* MemeMe2Tests */,
				50496AFD208B3C7300D29A13 /* MemeMe2UITests */,
				50496ADC208B3C7100D29A13 /* Products */,
			);
			sourceTree = "<group>";
		};
		50496ADC208B3C7100D29A13 /* Products */ = {
			isa = PBXGroup;
			children = (
				50496ADB208B3C7100D29A13 /* MemeMe2.app */,
				50496AEF208B3C7300D29A13 /* MemeMe2Tests.xctest */,
				50496AFA208B3C7300D29A13 /* MemeMe2UITests.xctest */,
			);
			name = Products;
			sourceTree = "<group>";
		};
		50496ADD208B3C7100D29A13 /* MemeMe2 */ = {
			isa = PBXGroup;
			children = (
				50A7367A20AB798400CCBB2D /* ViewController */,
				50496ADE208B3C7100D29A13 /* AppDelegate.swift */,
				5084CDE620992B490053F6E1 /* Meme.swift */,
				50094BA620BD94290079540B /* MemeTableViewCell.swift */,
				50496AE2208B3C7100D29A13 /* Main.storyboard */,
				50496AE7208B3C7200D29A13 /* LaunchScreen.storyboard */,
				50496AEA208B3C7200D29A13 /* Info.plist */,
				50496AE5208B3C7200D29A13 /* Assets.xcassets */,
				5096DC08209C9E2500BD9278 /* Fonts */,
			);
			path = MemeMe2;
			sourceTree = "<group>";
		};
		50496AF2208B3C7300D29A13 /* MemeMe2Tests */ = {
			isa = PBXGroup;
			children = (
				50496AF3208B3C7300D29A13 /* MemeMe2Tests.swift */,
				50496AF5208B3C7300D29A13 /* Info.plist */,
			);
			path = MemeMe2Tests;
			sourceTree = "<group>";
		};
		50496AFD208B3C7300D29A13 /* MemeMe2UITests */ = {
			isa = PBXGroup;
			children = (
				50496AFE208B3C7300D29A13 /* MemeMe2UITests.swift */,
				50496B00208B3C7300D29A13 /* Info.plist */,
			);
			path = MemeMe2UITests;
			sourceTree = "<group>";
		};
		5096DC08209C9E2500BD9278 /* Fonts */ = {
			isa = PBXGroup;
			children = (
				5096DC06209C9DD500BD9278 /* Impact.ttf */,
			);
			path = Fonts;
			sourceTree = "<group>";
		};
		50A7367A20AB798400CCBB2D /* ViewController */ = {
			isa = PBXGroup;
			children = (
				50A7367820AB797A00CCBB2D /* MemeMeTableViewController.swift */,
				504171F320A87CE800ADB50B /* MemeMeCollectionViewController.swift */,
				50496AE0208B3C7100D29A13 /* ViewController.swift */,
				50AC6AA020CE538800D1F133 /* CollectionViewCell.swift */,
			);
			path = ViewController;
			sourceTree = "<group>";
		};
/* End PBXGroup section */

/* Begin PBXNativeTarget section */
		50496ADA208B3C7100D29A13 /* MemeMe2 */ = {
			isa = PBXNativeTarget;
			buildConfigurationList = 50496B03208B3C7300D29A13 /* Build configuration list for PBXNativeTarget "MemeMe2" */;
			buildPhases = (
				50496AD7208B3C7100D29A13 /* Sources */,
				50496AD8208B3C7100D29A13 /* Frameworks */,
				50496AD9208B3C7100D29A13 /* Resources */,
			);
			buildRules = (
			);
			dependencies = (
			);
			name = MemeMe2;
			productName = MemeMe2;
			productReference = 50496ADB208B3C7100D29A13 /* MemeMe2.app */;
			productType = "com.apple.product-type.application";
		};
		50496AEE208B3C7300D29A13 /* MemeMe2Tests */ = {
			isa = PBXNativeTarget;
			buildConfigurationList = 50496B06208B3C7300D29A13 /* Build configuration list for PBXNativeTarget "MemeMe2Tests" */;
			buildPhases = (
				50496AEB208B3C7300D29A13 /* Sources */,
				50496AEC208B3C7300D29A13 /* Frameworks */,
				50496AED208B3C7300D29A13 /* Resources */,
			);
			buildRules = (
			);
			dependencies = (
				50496AF1208B3C7300D29A13 /* PBXTargetDependency */,
			);
			name = MemeMe2Tests;
			productName = MemeMe2Tests;
			productReference = 50496AEF208B3C7300D29A13 /* MemeMe2Tests.xctest */;
			productType = "com.apple.product-type.bundle.unit-test";
		};
		50496AF9208B3C7300D29A13 /* MemeMe2UITests */ = {
			isa = PBXNativeTarget;
			buildConfigurationList = 50496B09208B3C7300D29A13 /* Build configuration list for PBXNativeTarget "MemeMe2UITests" */;
			buildPhases = (
				50496AF6208B3C7300D29A13 /* Sources */,
				50496AF7208B3C7300D29A13 /* Frameworks */,
				50496AF8208B3C7300D29A13 /* Resources */,
			);
			buildRules = (
			);
			dependencies = (
				50496AFC208B3C7300D29A13 /* PBXTargetDependency */,
			);
			name = MemeMe2UITests;
			productName = MemeMe2UITests;
			productReference = 50496AFA208B3C7300D29A13 /* MemeMe2UITests.xctest */;
			productType = "com.apple.product-type.bundle.ui-testing";
		};
/* End PBXNativeTarget section */

/* Begin PBXProject section */
		50496AD3208B3C7100D29A13 /* Project object */ = {
			isa = PBXProject;
			attributes = {
				LastSwiftUpdateCheck = 0930;
				LastUpgradeCheck = 0930;
				ORGANIZATIONNAME = "Richard Menning";
				TargetAttributes = {
					50496ADA208B3C7100D29A13 = {
						CreatedOnToolsVersion = 9.3;
					};
					50496AEE208B3C7300D29A13 = {
						CreatedOnToolsVersion = 9.3;
						TestTargetID = 50496ADA208B3C7100D29A13;
					};
					50496AF9208B3C7300D29A13 = {
						CreatedOnToolsVersion = 9.3;
						TestTargetID = 50496ADA208B3C7100D29A13;
					};
				};
			};
			buildConfigurationList = 50496AD6208B3C7100D29A13 /* Build configuration list for PBXProject "MemeMe2" */;
			compatibilityVersion = "Xcode 9.3";
			developmentRegion = en;
			hasScannedForEncodings = 0;
			knownRegions = (
				en,
				Base,
			);
			mainGroup = 50496AD2208B3C7000D29A13;
			productRefGroup = 50496ADC208B3C7100D29A13 /* Products */;
			projectDirPath = "";
			projectRoot = "";
			targets = (
				50496ADA208B3C7100D29A13 /* MemeMe2 */,
				50496AEE208B3C7300D29A13 /* MemeMe2Tests */,
				50496AF9208B3C7300D29A13 /* MemeMe2UITests */,
			);
		};
/* End PBXProject section */

/* Begin PBXResourcesBuildPhase section */
		50496AD9208B3C7100D29A13 /* Resources */ = {
			isa = PBXResourcesBuildPhase;
			buildActionMask = 2147483647;
			files = (
				5096DC09209CA5E200BD9278 /* Impact.ttf in Resources */,
				50496AE9208B3C7200D29A13 /* LaunchScreen.storyboard in Resources */,
				50496AE6208B3C7200D29A13 /* Assets.xcassets in Resources */,
				50496AE4208B3C7100D29A13 /* Main.storyboard in Resources */,
			);
			runOnlyForDeploymentPostprocessing = 0;
		};
		50496AED208B3C7300D29A13 /* Resources */ = {
			isa = PBXResourcesBuildPhase;
			buildActionMask = 2147483647;
			files = (
			);
			runOnlyForDeploymentPostprocessing = 0;
		};
		50496AF8208B3C7300D29A13 /* Resources */ = {
			isa = PBXResourcesBuildPhase;
			buildActionMask = 2147483647;
			files = (
			);
			runOnlyForDeploymentPostprocessing = 0;
		};
/* End PBXResourcesBuildPhase section */

/* Begin PBXSourcesBuildPhase section */
		50496AD7208B3C7100D29A13 /* Sources */ = {
			isa = PBXSourcesBuildPhase;
			buildActionMask = 2147483647;
			files = (
				504171F420A87CE800ADB50B /* MemeMeCollectionViewController.swift in Sources */,
				5084CDE720992B490053F6E1 /* Meme.swift in Sources */,
				50A7367920AB797A00CCBB2D /* MemeMeTableViewController.swift in Sources */,
				50AC6AA120CE538800D1F133 /* CollectionViewCell.swift in Sources */,
				50094BA720BD94290079540B /* MemeTableViewCell.swift in Sources */,
				50496AE1208B3C7100D29A13 /* ViewController.swift in Sources */,
				50496ADF208B3C7100D29A13 /* AppDelegate.swift in Sources */,
			);
			runOnlyForDeploymentPostprocessing = 0;
		};
		50496AEB208B3C7300D29A13 /* Sources */ = {
			isa = PBXSourcesBuildPhase;
			buildActionMask = 2147483647;
			files = (
				50496AF4208B3C7300D29A13 /* MemeMe2Tests.swift in Sources */,
			);
			runOnlyForDeploymentPostprocessing = 0;
		};
		50496AF6208B3C7300D29A13 /* Sources */ = {
			isa = PBXSourcesBuildPhase;
			buildActionMask = 2147483647;
			files = (
				50496AFF208B3C7300D29A13 /* MemeMe2UITests.swift in Sources */,
			);
			runOnlyForDeploymentPostprocessing = 0;
		};
/* End PBXSourcesBuildPhase section */

/* Begin PBXTargetDependency section */
		50496AF1208B3C7300D29A13 /* PBXTargetDependency */ = {
			isa = PBXTargetDependency;
			target = 50496ADA208B3C7100D29A13 /* MemeMe2 */;
			targetProxy = 50496AF0208B3C7300D29A13 /* PBXContainerItemProxy */;
		};
		50496AFC208B3C7300D29A13 /* PBXTargetDependency */ = {
			isa = PBXTargetDependency;
			target = 50496ADA208B3C7100D29A13 /* MemeMe2 */;
			targetProxy = 50496AFB208B3C7300D29A13 /* PBXContainerItemProxy */;
		};
/* End PBXTargetDependency section */

/* Begin PBXVariantGroup section */
		50496AE2208B3C7100D29A13 /* Main.storyboard */ = {
			isa = PBXVariantGroup;
			children = (
				50496AE3208B3C7100D29A13 /* Base */,
			);
			name = Main.storyboard;
			sourceTree = "<group>";
		};
		50496AE7208B3C7200D29A13 /* LaunchScreen.storyboard */ = {
			isa = PBXVariantGroup;
			children = (
				50496AE8208B3C7200D29A13 /* Base */,
			);
			name = LaunchScreen.storyboard;
			sourceTree = "<group>";
		};
/* End PBXVariantGroup section */

/* Begin XCBuildConfiguration section */
		50496B01208B3C7300D29A13 /* Debug */ = {
			isa = XCBuildConfiguration;
			buildSettings = {
				ALWAYS_SEARCH_USER_PATHS = NO;
				CLANG_ANALYZER_NONNULL = YES;
				CLANG_ANALYZER_NUMBER_OBJECT_CONVERSION = YES_AGGRESSIVE;
				CLANG_CXX_LANGUAGE_STANDARD = "gnu++14";
				CLANG_CXX_LIBRARY = "libc++";
				CLANG_ENABLE_MODULES = YES;
				CLANG_ENABLE_OBJC_ARC = YES;
				CLANG_ENABLE_OBJC_WEAK = YES;
				CLANG_WARN_BLOCK_CAPTURE_AUTORELEASING = YES;
				CLANG_WARN_BOOL_CONVERSION = YES;
				CLANG_WARN_COMMA = YES;
				CLANG_WARN_CONSTANT_CONVERSION = YES;
				CLANG_WARN_DEPRECATED_OBJC_IMPLEMENTATIONS = YES;
				CLANG_WARN_DIRECT_OBJC_ISA_USAGE = YES_ERROR;
				CLANG_WARN_DOCUMENTATION_COMMENTS = YES;
				CLANG_WARN_EMPTY_BODY = YES;
				CLANG_WARN_ENUM_CONVERSION = YES;
				CLANG_WARN_INFINITE_RECURSION = YES;
				CLANG_WARN_INT_CONVERSION = YES;
				CLANG_WARN_NON_LITERAL_NULL_CONVERSION = YES;
				CLANG_WARN_OBJC_IMPLICIT_RETAIN_SELF = YES;
				CLANG_WARN_OBJC_LITERAL_CONVERSION = YES;
				CLANG_WARN_OBJC_ROOT_CLASS = YES_ERROR;
				CLANG_WARN_RANGE_LOOP_ANALYSIS = YES;
				CLANG_WARN_STRICT_PROTOTYPES = YES;
				CLANG_WARN_SUSPICIOUS_MOVE = YES;
				CLANG_WARN_UNGUARDED_AVAILABILITY = YES_AGGRESSIVE;
				CLANG_WARN_UNREACHABLE_CODE = YES;
				CLANG_WARN__DUPLICATE_METHOD_MATCH = YES;
				CODE_SIGN_IDENTITY = "iPhone Developer";
				COPY_PHASE_STRIP = NO;
				DEBUG_INFORMATION_FORMAT = dwarf;
				ENABLE_STRICT_OBJC_MSGSEND = YES;
				ENABLE_TESTABILITY = YES;
				GCC_C_LANGUAGE_STANDARD = gnu11;
				GCC_DYNAMIC_NO_PIC = NO;
				GCC_NO_COMMON_BLOCKS = YES;
				GCC_OPTIMIZATION_LEVEL = 0;
				GCC_PREPROCESSOR_DEFINITIONS = (
					"DEBUG=1",
					"$(inherited)",
				);
				GCC_WARN_64_TO_32_BIT_CONVERSION = YES;
				GCC_WARN_ABOUT_RETURN_TYPE = YES_ERROR;
				GCC_WARN_UNDECLARED_SELECTOR = YES;
				GCC_WARN_UNINITIALIZED_AUTOS = YES_AGGRESSIVE;
				GCC_WARN_UNUSED_FUNCTION = YES;
				GCC_WARN_UNUSED_VARIABLE = YES;
				IPHONEOS_DEPLOYMENT_TARGET = 11.3;
				MTL_ENABLE_DEBUG_INFO = YES;
				ONLY_ACTIVE_ARCH = YES;
				SDKROOT = iphoneos;
				SWIFT_ACTIVE_COMPILATION_CONDITIONS = DEBUG;
				SWIFT_OPTIMIZATION_LEVEL = "-Onone";
			};
			name = Debug;
		};
		50496B02208B3C7300D29A13 /* Release */ = {
			isa = XCBuildConfiguration;
			buildSettings = {
				ALWAYS_SEARCH_USER_PATHS = NO;
				CLANG_ANALYZER_NONNULL = YES;
				CLANG_ANALYZER_NUMBER_OBJECT_CONVERSION = YES_AGGRESSIVE;
				CLANG_CXX_LANGUAGE_STANDARD = "gnu++14";
				CLANG_CXX_LIBRARY = "libc++";
				CLANG_ENABLE_MODULES = YES;
				CLANG_ENABLE_OBJC_ARC = YES;
				CLANG_ENABLE_OBJC_WEAK = YES;
				CLANG_WARN_BLOCK_CAPTURE_AUTORELEASING = YES;
				CLANG_WARN_BOOL_CONVERSION = YES;
				CLANG_WARN_COMMA = YES;
				CLANG_WARN_CONSTANT_CONVERSION = YES;
				CLANG_WARN_DEPRECATED_OBJC_IMPLEMENTATIONS = YES;
				CLANG_WARN_DIRECT_OBJC_ISA_USAGE = YES_ERROR;
				CLANG_WARN_DOCUMENTATION_COMMENTS = YES;
				CLANG_WARN_EMPTY_BODY = YES;
				CLANG_WARN_ENUM_CONVERSION = YES;
				CLANG_WARN_INFINITE_RECURSION = YES;
				CLANG_WARN_INT_CONVERSION = YES;
				CLANG_WARN_NON_LITERAL_NULL_CONVERSION = YES;
				CLANG_WARN_OBJC_IMPLICIT_RETAIN_SELF = YES;
				CLANG_WARN_OBJC_LITERAL_CONVERSION = YES;
				CLANG_WARN_OBJC_ROOT_CLASS = YES_ERROR;
				CLANG_WARN_RANGE_LOOP_ANALYSIS = YES;
				CLANG_WARN_STRICT_PROTOTYPES = YES;
				CLANG_WARN_SUSPICIOUS_MOVE = YES;
				CLANG_WARN_UNGUARDED_AVAILABILITY = YES_AGGRESSIVE;
				CLANG_WARN_UNREACHABLE_CODE = YES;
				CLANG_WARN__DUPLICATE_METHOD_MATCH = YES;
				CODE_SIGN_IDENTITY = "iPhone Developer";
				COPY_PHASE_STRIP = NO;
				DEBUG_INFORMATION_FORMAT = "dwarf-with-dsym";
				ENABLE_NS_ASSERTIONS = NO;
				ENABLE_STRICT_OBJC_MSGSEND = YES;
				GCC_C_LANGUAGE_STANDARD = gnu11;
				GCC_NO_COMMON_BLOCKS = YES;
				GCC_WARN_64_TO_32_BIT_CONVERSION = YES;
				GCC_WARN_ABOUT_RETURN_TYPE = YES_ERROR;
				GCC_WARN_UNDECLARED_SELECTOR = YES;
				GCC_WARN_UNINITIALIZED_AUTOS = YES_AGGRESSIVE;
				GCC_WARN_UNUSED_FUNCTION = YES;
				GCC_WARN_UNUSED_VARIABLE = YES;
				IPHONEOS_DEPLOYMENT_TARGET = 11.3;
				MTL_ENABLE_DEBUG_INFO = NO;
				SDKROOT = iphoneos;
				SWIFT_COMPILATION_MODE = wholemodule;
				SWIFT_OPTIMIZATION_LEVEL = "-O";
				VALIDATE_PRODUCT = YES;
			};
			name = Release;
		};
		50496B04208B3C7300D29A13 /* Debug */ = {
			isa = XCBuildConfiguration;
			buildSettings = {
				ASSETCATALOG_COMPILER_APPICON_NAME = AppIcon;
				CODE_SIGN_STYLE = Automatic;
				DEVELOPMENT_TEAM = 4RDHPV2U23;
				INFOPLIST_FILE = MemeMe2/Info.plist;
				LD_RUNPATH_SEARCH_PATHS = (
					"$(inherited)",
					"@executable_path/Frameworks",
				);
				PRODUCT_BUNDLE_IDENTIFIER = MemeMe2.MemeMe2;
				PRODUCT_NAME = "$(TARGET_NAME)";
				SWIFT_VERSION = 4.0;
				TARGETED_DEVICE_FAMILY = "1,2";
			};
			name = Debug;
		};
		50496B05208B3C7300D29A13 /* Release */ = {
			isa = XCBuildConfiguration;
			buildSettings = {
				ASSETCATALOG_COMPILER_APPICON_NAME = AppIcon;
				CODE_SIGN_STYLE = Automatic;
				DEVELOPMENT_TEAM = 4RDHPV2U23;
				INFOPLIST_FILE = MemeMe2/Info.plist;
				LD_RUNPATH_SEARCH_PATHS = (
					"$(inherited)",
					"@executable_path/Frameworks",
				);
				PRODUCT_BUNDLE_IDENTIFIER = MemeMe2.MemeMe2;
				PRODUCT_NAME = "$(TARGET_NAME)";
				SWIFT_VERSION = 4.0;
				TARGETED_DEVICE_FAMILY = "1,2";
			};
			name = Release;
		};
		50496B07208B3C7300D29A13 /* Debug */ = {
			isa = XCBuildConfiguration;
			buildSettings = {
				ALWAYS_EMBED_SWIFT_STANDARD_LIBRARIES = YES;
				BUNDLE_LOADER = "$(TEST_HOST)";
				CODE_SIGN_STYLE = Automatic;
				DEVELOPMENT_TEAM = 4RDHPV2U23;
				INFOPLIST_FILE = MemeMe2Tests/Info.plist;
				LD_RUNPATH_SEARCH_PATHS = (
					"$(inherited)",
					"@executable_path/Frameworks",
					"@loader_path/Frameworks",
				);
				PRODUCT_BUNDLE_IDENTIFIER = MemeMe2.MemeMe2Tests;
				PRODUCT_NAME = "$(TARGET_NAME)";
				SWIFT_VERSION = 4.0;
				TARGETED_DEVICE_FAMILY = "1,2";
				TEST_HOST = "$(BUILT_PRODUCTS_DIR)/MemeMe2.app/MemeMe2";
			};
			name = Debug;
		};
		50496B08208B3C7300D29A13 /* Release */ = {
			isa = XCBuildConfiguration;
			buildSettings = {
				ALWAYS_EMBED_SWIFT_STANDARD_LIBRARIES = YES;
				BUNDLE_LOADER = "$(TEST_HOST)";
				CODE_SIGN_STYLE = Automatic;
				DEVELOPMENT_TEAM = 4RDHPV2U23;
				INFOPLIST_FILE = MemeMe2Tests/Info.plist;
				LD_RUNPATH_SEARCH_PATHS = (
					"$(inherited)",
					"@executable_path/Frameworks",
					"@loader_path/Frameworks",
				);
				PRODUCT_BUNDLE_IDENTIFIER = MemeMe2.MemeMe2Tests;
				PRODUCT_NAME = "$(TARGET_NAME)";
				SWIFT_VERSION = 4.0;
				TARGETED_DEVICE_FAMILY = "1,2";
				TEST_HOST = "$(BUILT_PRODUCTS_DIR)/MemeMe2.app/MemeMe2";
			};
			name = Release;
		};
		50496B0A208B3C7300D29A13 /* Debug */ = {
			isa = XCBuildConfiguration;
			buildSettings = {
				ALWAYS_EMBED_SWIFT_STANDARD_LIBRARIES = YES;
				CODE_SIGN_STYLE = Automatic;
				DEVELOPMENT_TEAM = 4RDHPV2U23;
				INFOPLIST_FILE = MemeMe2UITests/Info.plist;
				LD_RUNPATH_SEARCH_PATHS = (
					"$(inherited)",
					"@executable_path/Frameworks",
					"@loader_path/Frameworks",
				);
				PRODUCT_BUNDLE_IDENTIFIER = MemeMe2.MemeMe2UITests;
				PRODUCT_NAME = "$(TARGET_NAME)";
				SWIFT_VERSION = 4.0;
				TARGETED_DEVICE_FAMILY = "1,2";
				TEST_TARGET_NAME = MemeMe2;
			};
			name = Debug;
		};
		50496B0B208B3C7300D29A13 /* Release */ = {
			isa = XCBuildConfiguration;
			buildSettings = {
				ALWAYS_EMBED_SWIFT_STANDARD_LIBRARIES = YES;
				CODE_SIGN_STYLE = Automatic;
				DEVELOPMENT_TEAM = 4RDHPV2U23;
				INFOPLIST_FILE = MemeMe2UITests/Info.plist;
				LD_RUNPATH_SEARCH_PATHS = (
					"$(inherited)",
					"@executable_path/Frameworks",
					"@loader_path/Frameworks",
				);
				PRODUCT_BUNDLE_IDENTIFIER = MemeMe2.MemeMe2UITests;
				PRODUCT_NAME = "$(TARGET_NAME)";
				SWIFT_VERSION = 4.0;
				TARGETED_DEVICE_FAMILY = "1,2";
				TEST_TARGET_NAME = MemeMe2;
			};
			name = Release;
		};
/* End XCBuildConfiguration section */

/* Begin XCConfigurationList section */
		50496AD6208B3C7100D29A13 /* Build configuration list for PBXProject "MemeMe2" */ = {
			isa = XCConfigurationList;
			buildConfigurations = (
				50496B01208B3C7300D29A13 /* Debug */,
				50496B02208B3C7300D29A13 /* Release */,
			);
			defaultConfigurationIsVisible = 0;
			defaultConfigurationName = Release;
		};
		50496B03208B3C7300D29A13 /* Build configuration list for PBXNativeTarget "MemeMe2" */ = {
			isa = XCConfigurationList;
			buildConfigurations = (
				50496B04208B3C7300D29A13 /* Debug */,
				50496B05208B3C7300D29A13 /* Release */,
			);
			defaultConfigurationIsVisible = 0;
			defaultConfigurationName = Release;
		};
		50496B06208B3C7300D29A13 /* Build configuration list for PBXNativeTarget "MemeMe2Tests" */ = {
			isa = XCConfigurationList;
			buildConfigurations = (
				50496B07208B3C7300D29A13 /* Debug */,
				50496B08208B3C7300D29A13 /* Release */,
			);
			defaultConfigurationIsVisible = 0;
			defaultConfigurationName = Release;
		};
		50496B09208B3C7300D29A13 /* Build configuration list for PBXNativeTarget "MemeMe2UITests" */ = {
			isa = XCConfigurationList;
			buildConfigurations = (
				50496B0A208B3C7300D29A13 /* Debug */,
				50496B0B208B3C7300D29A13 /* Release */,
			);
			defaultConfigurationIsVisible = 0;
			defaultConfigurationName = Release;
		};
/* End XCConfigurationList section */
	};
	rootObject = 50496AD3208B3C7100D29A13 /* Project object */;
}
